
Microsoft Visual Studio Solution File, Format Version 12.00
# Visual Studio Version 16
VisualStudioVersion = 16.0.30717.126
MinimumVisualStudioVersion = 10.0.40219.1
Project("{FAE04EC0-301F-11D3-BF4B-00C04F79EFBC}") = "KON_Notes", "KON_Notes.csproj", "{286F887A-111A-4D8B-A3BC-3CA645163EFD}"
EndProject
Global
	GlobalSection(SolutionConfigurationPlatforms) = preSolution
		Debug|Any CPU = Debug|Any CPU
		Release|Any CPU = Release|Any CPU
	EndGlobalSection
	GlobalSection(ProjectConfigurationPlatforms) = postSolution
		{286F887A-111A-4D8B-A3BC-3CA645163EFD}.Debug|Any CPU.ActiveCfg = Debug|Any CPU
		{286F887A-111A-4D8B-A3BC-3CA645163EFD}.Debug|Any CPU.Build.0 = Debug|Any CPU
		{286F887A-111A-4D8B-A3BC-3CA645163EFD}.Release|Any CPU.ActiveCfg = Release|Any CPU
		{286F887A-111A-4D8B-A3BC-3CA645163EFD}.Release|Any CPU.Build.0 = Release|Any CPU
	EndGlobalSection
	GlobalSection(SolutionProperties) = preSolution
		HideSolutionNode = FALSE
	EndGlobalSection
	GlobalSection(ExtensibilityGlobals) = postSolution
		SolutionGuid = {E451B617-A032-4217-96AE-715F0BF0D4B2}
	EndGlobalSection
EndGlobal
