
Microsoft Visual Studio Solution File, Format Version 12.00
# Visual Studio Version 16
VisualStudioVersion = 16.0.30717.126
MinimumVisualStudioVersion = 10.0.40219.1
Project("{FAE04EC0-301F-11D3-BF4B-00C04F79EFBC}") = "ICONbutton", "ICONbutton.csproj", "{01457939-BBE8-42DA-80CF-C18C40D1AB2E}"
EndProject
Global
	GlobalSection(SolutionConfigurationPlatforms) = preSolution
		Debug|Any CPU = Debug|Any CPU
		Release|Any CPU = Release|Any CPU
	EndGlobalSection
	GlobalSection(ProjectConfigurationPlatforms) = postSolution
		{01457939-BBE8-42DA-80CF-C18C40D1AB2E}.Debug|Any CPU.ActiveCfg = Debug|Any CPU
		{01457939-BBE8-42DA-80CF-C18C40D1AB2E}.Debug|Any CPU.Build.0 = Debug|Any CPU
		{01457939-BBE8-42DA-80CF-C18C40D1AB2E}.Release|Any CPU.ActiveCfg = Release|Any CPU
		{01457939-BBE8-42DA-80CF-C18C40D1AB2E}.Release|Any CPU.Build.0 = Release|Any CPU
	EndGlobalSection
	GlobalSection(SolutionProperties) = preSolution
		HideSolutionNode = FALSE
	EndGlobalSection
	GlobalSection(ExtensibilityGlobals) = postSolution
		SolutionGuid = {E7B3B1DA-14C8-40F7-841C-8660CB5BB833}
	EndGlobalSection
EndGlobal
